
Microsoft Visual Studio Solution File, Format Version 12.00
# Visual Studio Version 17
VisualStudioVersion = 17.2.32526.322
MinimumVisualStudioVersion = 10.0.40219.1
Project("{9A19103F-16F7-4668-BE54-9A1E7A4F7556}") = "CompanyEmpolyees", "CompanyEmpolyees\CompanyEmpolyees.csproj", "{BBB58D2D-4495-41DE-85AB-BB857B947F2D}"
EndProject
Project("{9A19103F-16F7-4668-BE54-9A1E7A4F7556}") = "Contracts", "Contracts\Contracts.csproj", "{00D0DDDC-B71D-4602-8555-649CC06BFA77}"
EndProject
Project("{9A19103F-16F7-4668-BE54-9A1E7A4F7556}") = "LoggerService", "LoggerService\LoggerService.csproj", "{870097AF-F430-4383-9BC7-32053E717B4E}"
EndProject
Project("{FAE04EC0-301F-11D3-BF4B-00C04F79EFBC}") = "Entities", "Entities\Entities.csproj", "{10A84E27-CA19-42BB-92AB-EACC7011A105}"
EndProject
Project("{FAE04EC0-301F-11D3-BF4B-00C04F79EFBC}") = "Repository", "Repository\Repository.csproj", "{1CB35E5E-A9B9-4EEA-B726-0BF2680FC74B}"
EndProject
Global
	GlobalSection(SolutionConfigurationPlatforms) = preSolution
		Debug|Any CPU = Debug|Any CPU
		Release|Any CPU = Release|Any CPU
	EndGlobalSection
	GlobalSection(ProjectConfigurationPlatforms) = postSolution
		{BBB58D2D-4495-41DE-85AB-BB857B947F2D}.Debug|Any CPU.ActiveCfg = Debug|Any CPU
		{BBB58D2D-4495-41DE-85AB-BB857B947F2D}.Debug|Any CPU.Build.0 = Debug|Any CPU
		{BBB58D2D-4495-41DE-85AB-BB857B947F2D}.Release|Any CPU.ActiveCfg = Release|Any CPU
		{BBB58D2D-4495-41DE-85AB-BB857B947F2D}.Release|Any CPU.Build.0 = Release|Any CPU
		{00D0DDDC-B71D-4602-8555-649CC06BFA77}.Debug|Any CPU.ActiveCfg = Debug|Any CPU
		{00D0DDDC-B71D-4602-8555-649CC06BFA77}.Debug|Any CPU.Build.0 = Debug|Any CPU
		{00D0DDDC-B71D-4602-8555-649CC06BFA77}.Release|Any CPU.ActiveCfg = Release|Any CPU
		{00D0DDDC-B71D-4602-8555-649CC06BFA77}.Release|Any CPU.Build.0 = Release|Any CPU
		{870097AF-F430-4383-9BC7-32053E717B4E}.Debug|Any CPU.ActiveCfg = Debug|Any CPU
		{870097AF-F430-4383-9BC7-32053E717B4E}.Debug|Any CPU.Build.0 = Debug|Any CPU
		{870097AF-F430-4383-9BC7-32053E717B4E}.Release|Any CPU.ActiveCfg = Release|Any CPU
		{870097AF-F430-4383-9BC7-32053E717B4E}.Release|Any CPU.Build.0 = Release|Any CPU
		{10A84E27-CA19-42BB-92AB-EACC7011A105}.Debug|Any CPU.ActiveCfg = Debug|Any CPU
		{10A84E27-CA19-42BB-92AB-EACC7011A105}.Debug|Any CPU.Build.0 = Debug|Any CPU
		{10A84E27-CA19-42BB-92AB-EACC7011A105}.Release|Any CPU.ActiveCfg = Release|Any CPU
		{10A84E27-CA19-42BB-92AB-EACC7011A105}.Release|Any CPU.Build.0 = Release|Any CPU
		{1CB35E5E-A9B9-4EEA-B726-0BF2680FC74B}.Debug|Any CPU.ActiveCfg = Debug|Any CPU
		{1CB35E5E-A9B9-4EEA-B726-0BF2680FC74B}.Debug|Any CPU.Build.0 = Debug|Any CPU
		{1CB35E5E-A9B9-4EEA-B726-0BF2680FC74B}.Release|Any CPU.ActiveCfg = Release|Any CPU
		{1CB35E5E-A9B9-4EEA-B726-0BF2680FC74B}.Release|Any CPU.Build.0 = Release|Any CPU
	EndGlobalSection
	GlobalSection(SolutionProperties) = preSolution
		HideSolutionNode = FALSE
	EndGlobalSection
	GlobalSection(ExtensibilityGlobals) = postSolution
		SolutionGuid = {BE2762CF-F35C-4347-A3F8-C418AEC0CF48}
	EndGlobalSection
EndGlobal
